
Microsoft Visual Studio Solution File, Format Version 12.00
# Visual Studio Version 17
VisualStudioVersion = 17.4.33213.308
MinimumVisualStudioVersion = 10.0.40219.1
Project("{9A19103F-16F7-4668-BE54-9A1E7A4F7556}") = "LabPrototype", "LabPrototype\LabPrototype.csproj", "{173E38E4-A849-4685-BB5D-E926129AB4F1}"
EndProject
Project("{9A19103F-16F7-4668-BE54-9A1E7A4F7556}") = "LabPrototype.Domain", "LabPrototype.Domain\LabPrototype.Domain.csproj", "{B7AE9032-4AF4-4D48-8A50-69889644F377}"
EndProject
Project("{9A19103F-16F7-4668-BE54-9A1E7A4F7556}") = "LabPrototype.Framework", "LabPrototype.Framework\LabPrototype.Framework.csproj", "{E1FBAE2D-0A35-4449-B4F0-C6D12E24849E}"
EndProject
Project("{9A19103F-16F7-4668-BE54-9A1E7A4F7556}") = "LabPrototype.Infrastructure", "LabPrototype.Infrastructure\LabPrototype.Infrastructure.csproj", "{536D6EEF-3EA7-4F4E-B94F-C1497F19ED8A}"
EndProject
Project("{9A19103F-16F7-4668-BE54-9A1E7A4F7556}") = "LabPrototype.AppManagers", "LabPrototype.AppManagers\LabPrototype.AppManagers.csproj", "{F61E7516-713F-4CB5-B816-195F41955892}"
EndProject
Global
	GlobalSection(SolutionConfigurationPlatforms) = preSolution
		Debug|Any CPU = Debug|Any CPU
		Release|Any CPU = Release|Any CPU
	EndGlobalSection
	GlobalSection(ProjectConfigurationPlatforms) = postSolution
		{173E38E4-A849-4685-BB5D-E926129AB4F1}.Debug|Any CPU.ActiveCfg = Debug|Any CPU
		{173E38E4-A849-4685-BB5D-E926129AB4F1}.Debug|Any CPU.Build.0 = Debug|Any CPU
		{173E38E4-A849-4685-BB5D-E926129AB4F1}.Release|Any CPU.ActiveCfg = Release|Any CPU
		{173E38E4-A849-4685-BB5D-E926129AB4F1}.Release|Any CPU.Build.0 = Release|Any CPU
		{B7AE9032-4AF4-4D48-8A50-69889644F377}.Debug|Any CPU.ActiveCfg = Debug|Any CPU
		{B7AE9032-4AF4-4D48-8A50-69889644F377}.Debug|Any CPU.Build.0 = Debug|Any CPU
		{B7AE9032-4AF4-4D48-8A50-69889644F377}.Release|Any CPU.ActiveCfg = Release|Any CPU
		{B7AE9032-4AF4-4D48-8A50-69889644F377}.Release|Any CPU.Build.0 = Release|Any CPU
		{E1FBAE2D-0A35-4449-B4F0-C6D12E24849E}.Debug|Any CPU.ActiveCfg = Debug|Any CPU
		{E1FBAE2D-0A35-4449-B4F0-C6D12E24849E}.Debug|Any CPU.Build.0 = Debug|Any CPU
		{E1FBAE2D-0A35-4449-B4F0-C6D12E24849E}.Release|Any CPU.ActiveCfg = Release|Any CPU
		{E1FBAE2D-0A35-4449-B4F0-C6D12E24849E}.Release|Any CPU.Build.0 = Release|Any CPU
		{536D6EEF-3EA7-4F4E-B94F-C1497F19ED8A}.Debug|Any CPU.ActiveCfg = Debug|Any CPU
		{536D6EEF-3EA7-4F4E-B94F-C1497F19ED8A}.Debug|Any CPU.Build.0 = Debug|Any CPU
		{536D6EEF-3EA7-4F4E-B94F-C1497F19ED8A}.Release|Any CPU.ActiveCfg = Release|Any CPU
		{536D6EEF-3EA7-4F4E-B94F-C1497F19ED8A}.Release|Any CPU.Build.0 = Release|Any CPU
		{F61E7516-713F-4CB5-B816-195F41955892}.Debug|Any CPU.ActiveCfg = Debug|Any CPU
		{F61E7516-713F-4CB5-B816-195F41955892}.Debug|Any CPU.Build.0 = Debug|Any CPU
		{F61E7516-713F-4CB5-B816-195F41955892}.Release|Any CPU.ActiveCfg = Release|Any CPU
		{F61E7516-713F-4CB5-B816-195F41955892}.Release|Any CPU.Build.0 = Release|Any CPU
	EndGlobalSection
	GlobalSection(SolutionProperties) = preSolution
		HideSolutionNode = FALSE
	EndGlobalSection
	GlobalSection(ExtensibilityGlobals) = postSolution
		SolutionGuid = {A379C7BA-DE66-4798-A05D-4F82CA746D0C}
	EndGlobalSection
EndGlobal
